PODS:
  - IQKeyboardManagerSwift (6.4.0)
  - JTAppleCalendar (8.0.0)
  - Realm (3.17.3):
    - Realm/Headers (= 3.17.3)
  - Realm/Headers (3.17.3)
  - RealmSwift (3.17.3):
    - Realm (= 3.17.3)
  - SwiftMessages (7.0.0):
    - SwiftMessages/App (= 7.0.0)
  - SwiftMessages/App (7.0.0)

DEPENDENCIES:
  - IQKeyboardManagerSwift
  - JTAppleCalendar
  - RealmSwift
  - SwiftMessages

SPEC REPOS:
  https://github.com/cocoapods/specs.git:
    - IQKeyboardManagerSwift
    - JTAppleCalendar
    - Realm
    - RealmSwift
    - SwiftMessages

SPEC CHECKSUMS:
  IQKeyboardManagerSwift: ed9b04ee0e3067ffba543283462d619f944b05e5
  JTAppleCalendar: 76ccdc5a8b236166293e50b190c5f2722c30cdcd
  Realm: 5a1d9d47bfc101dd597668b1a8af4288a2557f6d
  RealmSwift: b7fdc2d18616621c31df5c7a398a45a2163f8eb0
  SwiftMessages: a952f7a9103d9aeab93730a2861d2d8fcdd8758f

PODFILE CHECKSUM: 0ce0b1b1de025480c7916acf1caa0abbdfc8b90d

COCOAPODS: 1.7.5
