PODS:
  - IQKeyboardManagerSwift (6.3.0)
  - JTAppleCalendar (7.1.7)
  - Realm (3.16.2):
    - Realm/Headers (= 3.16.2)
  - Realm/Headers (3.16.2)
  - RealmSwift (3.16.2):
    - Realm (= 3.16.2)
  - SwiftMessages (7.0.0):
    - SwiftMessages/App (= 7.0.0)
  - SwiftMessages/App (7.0.0)

DEPENDENCIES:
  - IQKeyboardManagerSwift
  - JTAppleCalendar
  - RealmSwift
  - SwiftMessages

SPEC REPOS:
  https://github.com/cocoapods/specs.git:
    - IQKeyboardManagerSwift
    - JTAppleCalendar
    - Realm
    - RealmSwift
    - SwiftMessages

SPEC CHECKSUMS:
  IQKeyboardManagerSwift: a8228c257614af98743b4cd8584637025f36358f
  JTAppleCalendar: 96da4d8388fa6dc82d6a60d41ef36a015e167e2f
  Realm: 0e73b4edeb5b6a90da3d83206883b2e34e00eb38
  RealmSwift: a81e650171ef0a5f999df1ed8d39ba8d6fce88a4
  SwiftMessages: a952f7a9103d9aeab93730a2861d2d8fcdd8758f

PODFILE CHECKSUM: 746ca1ead4e3bba5b42e064739f4a4f95b9ea28d

COCOAPODS: 1.6.1
