PODS:
  - IQKeyboardManagerSwift (6.2.1)
  - JTAppleCalendar (7.1.7)
  - Realm (3.14.0):
    - Realm/Headers (= 3.14.0)
  - Realm/Headers (3.14.0)
  - RealmSwift (3.14.0):
    - Realm (= 3.14.0)

DEPENDENCIES:
  - IQKeyboardManagerSwift
  - JTAppleCalendar
  - RealmSwift

SPEC REPOS:
  https://github.com/cocoapods/specs.git:
    - IQKeyboardManagerSwift
    - JTAppleCalendar
    - Realm
    - RealmSwift

SPEC CHECKSUMS:
  IQKeyboardManagerSwift: 0f0ae8935360b4003e6ea1ac7c19898f01e2f7c7
  JTAppleCalendar: 96da4d8388fa6dc82d6a60d41ef36a015e167e2f
  Realm: 221b25919bb5a010a3c597d707f8df3492dcd93a
  RealmSwift: 28f22dfa6a27b9a778cfb09471558b6afcf1022c

PODFILE CHECKSUM: 8be75341d81f774167457995341548f7c3f38e36

COCOAPODS: 1.6.1
